
Microsoft Visual Studio Solution File, Format Version 12.00
# Visual Studio Version 17
VisualStudioVersion = 17.2.32516.85
MinimumVisualStudioVersion = 10.0.40219.1
Project("{8BC9CEB8-8B4A-11D0-8D11-00A0C91BC942}") = "Bacterial_problems", "Bacterial_problems\Bacterial_problems.vcxproj", "{EC072038-C922-4CAA-91C8-14FD157A95AB}"
EndProject
Global
	GlobalSection(SolutionConfigurationPlatforms) = preSolution
		Debug|x64 = Debug|x64
		Debug|x86 = Debug|x86
		Release|x64 = Release|x64
		Release|x86 = Release|x86
	EndGlobalSection
	GlobalSection(ProjectConfigurationPlatforms) = postSolution
		{EC072038-C922-4CAA-91C8-14FD157A95AB}.Debug|x64.ActiveCfg = Debug|x64
		{EC072038-C922-4CAA-91C8-14FD157A95AB}.Debug|x64.Build.0 = Debug|x64
		{EC072038-C922-4CAA-91C8-14FD157A95AB}.Debug|x86.ActiveCfg = Debug|Win32
		{EC072038-C922-4CAA-91C8-14FD157A95AB}.Debug|x86.Build.0 = Debug|Win32
		{EC072038-C922-4CAA-91C8-14FD157A95AB}.Release|x64.ActiveCfg = Release|x64
		{EC072038-C922-4CAA-91C8-14FD157A95AB}.Release|x64.Build.0 = Release|x64
		{EC072038-C922-4CAA-91C8-14FD157A95AB}.Release|x86.ActiveCfg = Release|Win32
		{EC072038-C922-4CAA-91C8-14FD157A95AB}.Release|x86.Build.0 = Release|Win32
	EndGlobalSection
	GlobalSection(SolutionProperties) = preSolution
		HideSolutionNode = FALSE
	EndGlobalSection
	GlobalSection(ExtensibilityGlobals) = postSolution
		SolutionGuid = {BF522AC7-0297-4550-B4A0-E980C94657BF}
	EndGlobalSection
EndGlobal
